
Microsoft Visual Studio Solution File, Format Version 12.00
# Visual Studio 15
VisualStudioVersion = 15.0.26124.0
MinimumVisualStudioVersion = 15.0.26124.0
Project("{FAE04EC0-301F-11D3-BF4B-00C04F79EFBC}") = "OpenTabletDriver", "OpenTabletDriver\OpenTabletDriver.csproj", "{E1407092-4EC3-4FDB-A1F7-27684B889750}"
EndProject
Project("{FAE04EC0-301F-11D3-BF4B-00C04F79EFBC}") = "OpenTabletDriver.Native", "OpenTabletDriver.Native\OpenTabletDriver.Native.csproj", "{57A5101A-20F4-41AA-8649-2C3785DD5BA2}"
EndProject
Project("{FAE04EC0-301F-11D3-BF4B-00C04F79EFBC}") = "OpenTabletDriver.Plugin", "OpenTabletDriver.Plugin\OpenTabletDriver.Plugin.csproj", "{1EF3ED59-1D11-4814-907B-4F8C90B9032E}"
EndProject
Project("{FAE04EC0-301F-11D3-BF4B-00C04F79EFBC}") = "OpenTabletDriver.Daemon", "OpenTabletDriver.Daemon\OpenTabletDriver.Daemon.csproj", "{18F3FBE6-110E-4F14-912F-14273028191C}"
EndProject
Project("{FAE04EC0-301F-11D3-BF4B-00C04F79EFBC}") = "OpenTabletDriver.UX.Gtk", "OpenTabletDriver.UX.Gtk\OpenTabletDriver.UX.Gtk.csproj", "{7A31CE07-C732-4DCF-BBAD-01EFC55A1C60}"
EndProject
Project("{FAE04EC0-301F-11D3-BF4B-00C04F79EFBC}") = "OpenTabletDriver.UX", "OpenTabletDriver.UX\OpenTabletDriver.UX.csproj", "{1A9166D9-0B7E-41B6-8210-EC04E17E9C3E}"
EndProject
Project("{FAE04EC0-301F-11D3-BF4B-00C04F79EFBC}") = "OpenTabletDriver.UX.Wpf", "OpenTabletDriver.UX.Wpf\OpenTabletDriver.UX.Wpf.csproj", "{CAD634C1-780D-4123-8D58-385A50F3F33C}"
EndProject
Project("{FAE04EC0-301F-11D3-BF4B-00C04F79EFBC}") = "OpenTabletDriver.Console", "OpenTabletDriver.Console\OpenTabletDriver.Console.csproj", "{040FFF57-84CB-464C-83A5-B99002FF6605}"
EndProject
Project("{FAE04EC0-301F-11D3-BF4B-00C04F79EFBC}") = "OpenTabletDriver.UX.MacOS", "OpenTabletDriver.UX.MacOS\OpenTabletDriver.UX.MacOS.csproj", "{BF28815D-56CA-443D-8F1E-836C19D94F05}"
EndProject
Project("{FAE04EC0-301F-11D3-BF4B-00C04F79EFBC}") = "OpenTabletDriver.Tests", "OpenTabletDriver.Tests\OpenTabletDriver.Tests.csproj", "{B0107F45-E452-40E4-8407-14F99895CE98}"
EndProject
Global
	GlobalSection(SolutionConfigurationPlatforms) = preSolution
		Debug|Any CPU = Debug|Any CPU
		Debug|x64 = Debug|x64
		Debug|x86 = Debug|x86
		Release|Any CPU = Release|Any CPU
		Release|x64 = Release|x64
		Release|x86 = Release|x86
	EndGlobalSection
	GlobalSection(SolutionProperties) = preSolution
		HideSolutionNode = FALSE
	EndGlobalSection
	GlobalSection(ProjectConfigurationPlatforms) = postSolution
		{E1407092-4EC3-4FDB-A1F7-27684B889750}.Debug|Any CPU.ActiveCfg = Debug|Any CPU
		{E1407092-4EC3-4FDB-A1F7-27684B889750}.Debug|Any CPU.Build.0 = Debug|Any CPU
		{E1407092-4EC3-4FDB-A1F7-27684B889750}.Debug|x64.ActiveCfg = Debug|Any CPU
		{E1407092-4EC3-4FDB-A1F7-27684B889750}.Debug|x64.Build.0 = Debug|Any CPU
		{E1407092-4EC3-4FDB-A1F7-27684B889750}.Debug|x86.ActiveCfg = Debug|Any CPU
		{E1407092-4EC3-4FDB-A1F7-27684B889750}.Debug|x86.Build.0 = Debug|Any CPU
		{E1407092-4EC3-4FDB-A1F7-27684B889750}.Release|Any CPU.ActiveCfg = Release|Any CPU
		{E1407092-4EC3-4FDB-A1F7-27684B889750}.Release|Any CPU.Build.0 = Release|Any CPU
		{E1407092-4EC3-4FDB-A1F7-27684B889750}.Release|x64.ActiveCfg = Release|Any CPU
		{E1407092-4EC3-4FDB-A1F7-27684B889750}.Release|x64.Build.0 = Release|Any CPU
		{E1407092-4EC3-4FDB-A1F7-27684B889750}.Release|x86.ActiveCfg = Release|Any CPU
		{E1407092-4EC3-4FDB-A1F7-27684B889750}.Release|x86.Build.0 = Release|Any CPU
		{57A5101A-20F4-41AA-8649-2C3785DD5BA2}.Debug|Any CPU.ActiveCfg = Debug|Any CPU
		{57A5101A-20F4-41AA-8649-2C3785DD5BA2}.Debug|Any CPU.Build.0 = Debug|Any CPU
		{57A5101A-20F4-41AA-8649-2C3785DD5BA2}.Debug|x64.ActiveCfg = Debug|Any CPU
		{57A5101A-20F4-41AA-8649-2C3785DD5BA2}.Debug|x64.Build.0 = Debug|Any CPU
		{57A5101A-20F4-41AA-8649-2C3785DD5BA2}.Debug|x86.ActiveCfg = Debug|Any CPU
		{57A5101A-20F4-41AA-8649-2C3785DD5BA2}.Debug|x86.Build.0 = Debug|Any CPU
		{57A5101A-20F4-41AA-8649-2C3785DD5BA2}.Release|Any CPU.ActiveCfg = Release|Any CPU
		{57A5101A-20F4-41AA-8649-2C3785DD5BA2}.Release|Any CPU.Build.0 = Release|Any CPU
		{57A5101A-20F4-41AA-8649-2C3785DD5BA2}.Release|x64.ActiveCfg = Release|Any CPU
		{57A5101A-20F4-41AA-8649-2C3785DD5BA2}.Release|x64.Build.0 = Release|Any CPU
		{57A5101A-20F4-41AA-8649-2C3785DD5BA2}.Release|x86.ActiveCfg = Release|Any CPU
		{57A5101A-20F4-41AA-8649-2C3785DD5BA2}.Release|x86.Build.0 = Release|Any CPU
		{1EF3ED59-1D11-4814-907B-4F8C90B9032E}.Debug|Any CPU.ActiveCfg = Debug|Any CPU
		{1EF3ED59-1D11-4814-907B-4F8C90B9032E}.Debug|Any CPU.Build.0 = Debug|Any CPU
		{1EF3ED59-1D11-4814-907B-4F8C90B9032E}.Debug|x64.ActiveCfg = Debug|Any CPU
		{1EF3ED59-1D11-4814-907B-4F8C90B9032E}.Debug|x64.Build.0 = Debug|Any CPU
		{1EF3ED59-1D11-4814-907B-4F8C90B9032E}.Debug|x86.ActiveCfg = Debug|Any CPU
		{1EF3ED59-1D11-4814-907B-4F8C90B9032E}.Debug|x86.Build.0 = Debug|Any CPU
		{1EF3ED59-1D11-4814-907B-4F8C90B9032E}.Release|Any CPU.ActiveCfg = Release|Any CPU
		{1EF3ED59-1D11-4814-907B-4F8C90B9032E}.Release|Any CPU.Build.0 = Release|Any CPU
		{1EF3ED59-1D11-4814-907B-4F8C90B9032E}.Release|x64.ActiveCfg = Release|Any CPU
		{1EF3ED59-1D11-4814-907B-4F8C90B9032E}.Release|x64.Build.0 = Release|Any CPU
		{1EF3ED59-1D11-4814-907B-4F8C90B9032E}.Release|x86.ActiveCfg = Release|Any CPU
		{1EF3ED59-1D11-4814-907B-4F8C90B9032E}.Release|x86.Build.0 = Release|Any CPU
		{18F3FBE6-110E-4F14-912F-14273028191C}.Debug|Any CPU.ActiveCfg = Debug|Any CPU
		{18F3FBE6-110E-4F14-912F-14273028191C}.Debug|Any CPU.Build.0 = Debug|Any CPU
		{18F3FBE6-110E-4F14-912F-14273028191C}.Debug|x64.ActiveCfg = Debug|Any CPU
		{18F3FBE6-110E-4F14-912F-14273028191C}.Debug|x64.Build.0 = Debug|Any CPU
		{18F3FBE6-110E-4F14-912F-14273028191C}.Debug|x86.ActiveCfg = Debug|Any CPU
		{18F3FBE6-110E-4F14-912F-14273028191C}.Debug|x86.Build.0 = Debug|Any CPU
		{18F3FBE6-110E-4F14-912F-14273028191C}.Release|Any CPU.ActiveCfg = Release|Any CPU
		{18F3FBE6-110E-4F14-912F-14273028191C}.Release|Any CPU.Build.0 = Release|Any CPU
		{18F3FBE6-110E-4F14-912F-14273028191C}.Release|x64.ActiveCfg = Release|Any CPU
		{18F3FBE6-110E-4F14-912F-14273028191C}.Release|x64.Build.0 = Release|Any CPU
		{18F3FBE6-110E-4F14-912F-14273028191C}.Release|x86.ActiveCfg = Release|Any CPU
		{18F3FBE6-110E-4F14-912F-14273028191C}.Release|x86.Build.0 = Release|Any CPU
		{7A31CE07-C732-4DCF-BBAD-01EFC55A1C60}.Debug|Any CPU.ActiveCfg = Debug|Any CPU
		{7A31CE07-C732-4DCF-BBAD-01EFC55A1C60}.Debug|Any CPU.Build.0 = Debug|Any CPU
		{7A31CE07-C732-4DCF-BBAD-01EFC55A1C60}.Debug|x64.ActiveCfg = Debug|Any CPU
		{7A31CE07-C732-4DCF-BBAD-01EFC55A1C60}.Debug|x64.Build.0 = Debug|Any CPU
		{7A31CE07-C732-4DCF-BBAD-01EFC55A1C60}.Debug|x86.ActiveCfg = Debug|Any CPU
		{7A31CE07-C732-4DCF-BBAD-01EFC55A1C60}.Debug|x86.Build.0 = Debug|Any CPU
		{7A31CE07-C732-4DCF-BBAD-01EFC55A1C60}.Release|Any CPU.ActiveCfg = Release|Any CPU
		{7A31CE07-C732-4DCF-BBAD-01EFC55A1C60}.Release|Any CPU.Build.0 = Release|Any CPU
		{7A31CE07-C732-4DCF-BBAD-01EFC55A1C60}.Release|x64.ActiveCfg = Release|Any CPU
		{7A31CE07-C732-4DCF-BBAD-01EFC55A1C60}.Release|x64.Build.0 = Release|Any CPU
		{7A31CE07-C732-4DCF-BBAD-01EFC55A1C60}.Release|x86.ActiveCfg = Release|Any CPU
		{7A31CE07-C732-4DCF-BBAD-01EFC55A1C60}.Release|x86.Build.0 = Release|Any CPU
		{1A9166D9-0B7E-41B6-8210-EC04E17E9C3E}.Debug|Any CPU.ActiveCfg = Debug|Any CPU
		{1A9166D9-0B7E-41B6-8210-EC04E17E9C3E}.Debug|Any CPU.Build.0 = Debug|Any CPU
		{1A9166D9-0B7E-41B6-8210-EC04E17E9C3E}.Debug|x64.ActiveCfg = Debug|Any CPU
		{1A9166D9-0B7E-41B6-8210-EC04E17E9C3E}.Debug|x64.Build.0 = Debug|Any CPU
		{1A9166D9-0B7E-41B6-8210-EC04E17E9C3E}.Debug|x86.ActiveCfg = Debug|Any CPU
		{1A9166D9-0B7E-41B6-8210-EC04E17E9C3E}.Debug|x86.Build.0 = Debug|Any CPU
		{1A9166D9-0B7E-41B6-8210-EC04E17E9C3E}.Release|Any CPU.ActiveCfg = Release|Any CPU
		{1A9166D9-0B7E-41B6-8210-EC04E17E9C3E}.Release|Any CPU.Build.0 = Release|Any CPU
		{1A9166D9-0B7E-41B6-8210-EC04E17E9C3E}.Release|x64.ActiveCfg = Release|Any CPU
		{1A9166D9-0B7E-41B6-8210-EC04E17E9C3E}.Release|x64.Build.0 = Release|Any CPU
		{1A9166D9-0B7E-41B6-8210-EC04E17E9C3E}.Release|x86.ActiveCfg = Release|Any CPU
		{1A9166D9-0B7E-41B6-8210-EC04E17E9C3E}.Release|x86.Build.0 = Release|Any CPU
		{CAD634C1-780D-4123-8D58-385A50F3F33C}.Debug|Any CPU.ActiveCfg = Debug|Any CPU
		{CAD634C1-780D-4123-8D58-385A50F3F33C}.Debug|Any CPU.Build.0 = Debug|Any CPU
		{CAD634C1-780D-4123-8D58-385A50F3F33C}.Debug|x64.ActiveCfg = Debug|Any CPU
		{CAD634C1-780D-4123-8D58-385A50F3F33C}.Debug|x64.Build.0 = Debug|Any CPU
		{CAD634C1-780D-4123-8D58-385A50F3F33C}.Debug|x86.ActiveCfg = Debug|Any CPU
		{CAD634C1-780D-4123-8D58-385A50F3F33C}.Debug|x86.Build.0 = Debug|Any CPU
		{CAD634C1-780D-4123-8D58-385A50F3F33C}.Release|Any CPU.ActiveCfg = Release|Any CPU
		{CAD634C1-780D-4123-8D58-385A50F3F33C}.Release|Any CPU.Build.0 = Release|Any CPU
		{CAD634C1-780D-4123-8D58-385A50F3F33C}.Release|x64.ActiveCfg = Release|Any CPU
		{CAD634C1-780D-4123-8D58-385A50F3F33C}.Release|x64.Build.0 = Release|Any CPU
		{CAD634C1-780D-4123-8D58-385A50F3F33C}.Release|x86.ActiveCfg = Release|Any CPU
		{CAD634C1-780D-4123-8D58-385A50F3F33C}.Release|x86.Build.0 = Release|Any CPU
		{040FFF57-84CB-464C-83A5-B99002FF6605}.Debug|Any CPU.ActiveCfg = Debug|Any CPU
		{040FFF57-84CB-464C-83A5-B99002FF6605}.Debug|Any CPU.Build.0 = Debug|Any CPU
		{040FFF57-84CB-464C-83A5-B99002FF6605}.Debug|x64.ActiveCfg = Debug|Any CPU
		{040FFF57-84CB-464C-83A5-B99002FF6605}.Debug|x64.Build.0 = Debug|Any CPU
		{040FFF57-84CB-464C-83A5-B99002FF6605}.Debug|x86.ActiveCfg = Debug|Any CPU
		{040FFF57-84CB-464C-83A5-B99002FF6605}.Debug|x86.Build.0 = Debug|Any CPU
		{040FFF57-84CB-464C-83A5-B99002FF6605}.Release|Any CPU.ActiveCfg = Release|Any CPU
		{040FFF57-84CB-464C-83A5-B99002FF6605}.Release|Any CPU.Build.0 = Release|Any CPU
		{040FFF57-84CB-464C-83A5-B99002FF6605}.Release|x64.ActiveCfg = Release|Any CPU
		{040FFF57-84CB-464C-83A5-B99002FF6605}.Release|x64.Build.0 = Release|Any CPU
		{040FFF57-84CB-464C-83A5-B99002FF6605}.Release|x86.ActiveCfg = Release|Any CPU
		{040FFF57-84CB-464C-83A5-B99002FF6605}.Release|x86.Build.0 = Release|Any CPU
		{BF28815D-56CA-443D-8F1E-836C19D94F05}.Debug|Any CPU.ActiveCfg = Debug|Any CPU
		{BF28815D-56CA-443D-8F1E-836C19D94F05}.Debug|Any CPU.Build.0 = Debug|Any CPU
		{BF28815D-56CA-443D-8F1E-836C19D94F05}.Debug|x64.ActiveCfg = Debug|Any CPU
		{BF28815D-56CA-443D-8F1E-836C19D94F05}.Debug|x64.Build.0 = Debug|Any CPU
		{BF28815D-56CA-443D-8F1E-836C19D94F05}.Debug|x86.ActiveCfg = Debug|Any CPU
		{BF28815D-56CA-443D-8F1E-836C19D94F05}.Debug|x86.Build.0 = Debug|Any CPU
		{BF28815D-56CA-443D-8F1E-836C19D94F05}.Release|Any CPU.ActiveCfg = Release|Any CPU
		{BF28815D-56CA-443D-8F1E-836C19D94F05}.Release|Any CPU.Build.0 = Release|Any CPU
		{BF28815D-56CA-443D-8F1E-836C19D94F05}.Release|x64.ActiveCfg = Release|Any CPU
		{BF28815D-56CA-443D-8F1E-836C19D94F05}.Release|x64.Build.0 = Release|Any CPU
		{BF28815D-56CA-443D-8F1E-836C19D94F05}.Release|x86.ActiveCfg = Release|Any CPU
		{BF28815D-56CA-443D-8F1E-836C19D94F05}.Release|x86.Build.0 = Release|Any CPU
		{B0107F45-E452-40E4-8407-14F99895CE98}.Debug|Any CPU.ActiveCfg = Debug|Any CPU
		{B0107F45-E452-40E4-8407-14F99895CE98}.Debug|Any CPU.Build.0 = Debug|Any CPU
		{B0107F45-E452-40E4-8407-14F99895CE98}.Debug|x64.ActiveCfg = Debug|Any CPU
		{B0107F45-E452-40E4-8407-14F99895CE98}.Debug|x64.Build.0 = Debug|Any CPU
		{B0107F45-E452-40E4-8407-14F99895CE98}.Debug|x86.ActiveCfg = Debug|Any CPU
		{B0107F45-E452-40E4-8407-14F99895CE98}.Debug|x86.Build.0 = Debug|Any CPU
		{B0107F45-E452-40E4-8407-14F99895CE98}.Release|Any CPU.ActiveCfg = Release|Any CPU
		{B0107F45-E452-40E4-8407-14F99895CE98}.Release|Any CPU.Build.0 = Release|Any CPU
		{B0107F45-E452-40E4-8407-14F99895CE98}.Release|x64.ActiveCfg = Release|Any CPU
		{B0107F45-E452-40E4-8407-14F99895CE98}.Release|x64.Build.0 = Release|Any CPU
		{B0107F45-E452-40E4-8407-14F99895CE98}.Release|x86.ActiveCfg = Release|Any CPU
		{B0107F45-E452-40E4-8407-14F99895CE98}.Release|x86.Build.0 = Release|Any CPU
	EndGlobalSection
EndGlobal
