
Microsoft Visual Studio Solution File, Format Version 12.00
# Visual Studio 15
VisualStudioVersion = 15.0.26124.0
MinimumVisualStudioVersion = 15.0.26124.0
Project("{FAE04EC0-301F-11D3-BF4B-00C04F79EFBC}") = "OpenTabletDriver", "OpenTabletDriver\OpenTabletDriver.csproj", "{E1407092-4EC3-4FDB-A1F7-27684B889750}"
EndProject
Project("{FAE04EC0-301F-11D3-BF4B-00C04F79EFBC}") = "OpenTabletDriver.Native", "OpenTabletDriver.Native\OpenTabletDriver.Native.csproj", "{57A5101A-20F4-41AA-8649-2C3785DD5BA2}"
EndProject
Project("{FAE04EC0-301F-11D3-BF4B-00C04F79EFBC}") = "OpenTabletDriver.Native.Windows", "OpenTabletDriver.Native.Windows\OpenTabletDriver.Native.Windows.csproj", "{57A5101A-20F4-41AA-8649-2C3785DD5BA3}"
EndProject
Project("{FAE04EC0-301F-11D3-BF4B-00C04F79EFBC}") = "OpenTabletDriver.Native.Linux", "OpenTabletDriver.Native.Linux\OpenTabletDriver.Native.Linux.csproj", "{57A5101A-20F4-41AA-8649-2C3785DD5BA4}"
EndProject
Project("{FAE04EC0-301F-11D3-BF4B-00C04F79EFBC}") = "OpenTabletDriver.Native.MacOS", "OpenTabletDriver.Native.MacOS\OpenTabletDriver.Native.MacOS.csproj", "{57A5101A-20F4-41AA-8649-2C3785DD5BA5}"
EndProject
Project("{FAE04EC0-301F-11D3-BF4B-00C04F79EFBC}") = "OpenTabletDriver.Daemon", "OpenTabletDriver.Daemon\OpenTabletDriver.Daemon.csproj", "{18F3FBE6-110E-4F14-912F-14273028191C}"
EndProject
Project("{FAE04EC0-301F-11D3-BF4B-00C04F79EFBC}") = "OpenTabletDriver.Console", "OpenTabletDriver.Console\OpenTabletDriver.Console.csproj", "{040FFF57-84CB-464C-83A5-B99002FF6605}"
EndProject
Project("{FAE04EC0-301F-11D3-BF4B-00C04F79EFBC}") = "OpenTabletDriver.Tests", "OpenTabletDriver.Tests\OpenTabletDriver.Tests.csproj", "{B0107F45-E452-40E4-8407-14F99895CE98}"
EndProject
Project("{FAE04EC0-301F-11D3-BF4B-00C04F79EFBC}") = "OpenTabletDriver.Benchmarks", "OpenTabletDriver.Benchmarks\OpenTabletDriver.Benchmarks.csproj", "{0A55FC49-7713-45CA-A1BD-A1ECBFF91DA7}"
EndProject
Project("{FAE04EC0-301F-11D3-BF4B-00C04F79EFBC}") = "OpenTabletDriver.Configurations", "OpenTabletDriver.Configurations\OpenTabletDriver.Configurations.csproj", "{EF54AA9B-A725-44B5-96B5-AE526EF431CF}"
EndProject
Project("{FAE04EC0-301F-11D3-BF4B-00C04F79EFBC}") = "OpenTabletDriver.Analyzers", "OpenTabletDriver.Analyzers\OpenTabletDriver.Analyzers.csproj", "{C9B08D56-83B9-4CFC-A023-9FDFA1BFA35A}"
EndProject
Project("{FAE04EC0-301F-11D3-BF4B-00C04F79EFBC}") = "OpenTabletDriver.Analyzers.Tests", "OpenTabletDriver.Analyzers.Tests\OpenTabletDriver.Analyzers.Tests.csproj", "{96C1F385-E395-4B88-BC6C-0CD2E844EBFF}"
EndProject
Project("{FAE04EC0-301F-11D3-BF4B-00C04F79EFBC}") = "OpenTabletDriver.Daemon.Contracts", "OpenTabletDriver.Daemon.Contracts\OpenTabletDriver.Daemon.Contracts.csproj", "{2C5561B7-AAB9-436B-A7E0-A4A15E8565A1}"
EndProject
Project("{FAE04EC0-301F-11D3-BF4B-00C04F79EFBC}") = "OpenTabletDriver.Daemon.Library", "OpenTabletDriver.Daemon.Library\OpenTabletDriver.Daemon.Library.csproj", "{E88815EE-7016-44DF-9F24-8805F4C5FDEB}"
EndProject
Project("{FAE04EC0-301F-11D3-BF4B-00C04F79EFBC}") = "OpenTabletDriver.UI", "OpenTabletDriver.UI\OpenTabletDriver.UI.csproj", "{50FF1983-6D96-4C66-A8B9-69077F722170}"
EndProject
Project("{FAE04EC0-301F-11D3-BF4B-00C04F79EFBC}") = "OpenTabletDriver.UI.Tests", "OpenTabletDriver.UI.Tests\OpenTabletDriver.UI.Tests.csproj", "{9F2138C1-57AC-4D45-B771-93CBB48CDF95}"
EndProject
Project("{FAE04EC0-301F-11D3-BF4B-00C04F79EFBC}") = "OpenTabletDriver.UI.Library", "OpenTabletDriver.UI.Library\OpenTabletDriver.UI.Library.csproj", "{DA33623B-7EAB-4B9F-8670-75BE3DB7156F}"
EndProject
Project("{FAE04EC0-301F-11D3-BF4B-00C04F79EFBC}") = "HidSharp", "..\HIDSharpCore\HidSharp\HidSharp.csproj", "{82CD5FAA-8933-4FE0-B97B-0C0EEA7CD51B}"
EndProject
Project("{FAE04EC0-301F-11D3-BF4B-00C04F79EFBC}") = "HidSharp.Test", "..\HIDSharpCore\HidSharp.Test\HidSharp.Test.csproj", "{1A5F1EA2-4C3B-4B71-AEE2-D1013ECA240F}"
EndProject
Global
	GlobalSection(SolutionConfigurationPlatforms) = preSolution
		Debug|Any CPU = Debug|Any CPU
		Debug|x64 = Debug|x64
		Debug|x86 = Debug|x86
		Release|Any CPU = Release|Any CPU
		Release|x64 = Release|x64
		Release|x86 = Release|x86
	EndGlobalSection
	GlobalSection(SolutionProperties) = preSolution
		HideSolutionNode = FALSE
	EndGlobalSection
	GlobalSection(ProjectConfigurationPlatforms) = postSolution
		{E1407092-4EC3-4FDB-A1F7-27684B889750}.Debug|Any CPU.ActiveCfg = Debug|Any CPU
		{E1407092-4EC3-4FDB-A1F7-27684B889750}.Debug|Any CPU.Build.0 = Debug|Any CPU
		{E1407092-4EC3-4FDB-A1F7-27684B889750}.Debug|x64.ActiveCfg = Debug|Any CPU
		{E1407092-4EC3-4FDB-A1F7-27684B889750}.Debug|x64.Build.0 = Debug|Any CPU
		{E1407092-4EC3-4FDB-A1F7-27684B889750}.Debug|x86.ActiveCfg = Debug|Any CPU
		{E1407092-4EC3-4FDB-A1F7-27684B889750}.Debug|x86.Build.0 = Debug|Any CPU
		{E1407092-4EC3-4FDB-A1F7-27684B889750}.Release|Any CPU.ActiveCfg = Release|Any CPU
		{E1407092-4EC3-4FDB-A1F7-27684B889750}.Release|Any CPU.Build.0 = Release|Any CPU
		{E1407092-4EC3-4FDB-A1F7-27684B889750}.Release|x64.ActiveCfg = Release|Any CPU
		{E1407092-4EC3-4FDB-A1F7-27684B889750}.Release|x64.Build.0 = Release|Any CPU
		{E1407092-4EC3-4FDB-A1F7-27684B889750}.Release|x86.ActiveCfg = Release|Any CPU
		{E1407092-4EC3-4FDB-A1F7-27684B889750}.Release|x86.Build.0 = Release|Any CPU
		{57A5101A-20F4-41AA-8649-2C3785DD5BA2}.Debug|Any CPU.ActiveCfg = Debug|Any CPU
		{57A5101A-20F4-41AA-8649-2C3785DD5BA2}.Debug|Any CPU.Build.0 = Debug|Any CPU
		{57A5101A-20F4-41AA-8649-2C3785DD5BA2}.Debug|x64.ActiveCfg = Debug|Any CPU
		{57A5101A-20F4-41AA-8649-2C3785DD5BA2}.Debug|x64.Build.0 = Debug|Any CPU
		{57A5101A-20F4-41AA-8649-2C3785DD5BA2}.Debug|x86.ActiveCfg = Debug|Any CPU
		{57A5101A-20F4-41AA-8649-2C3785DD5BA2}.Debug|x86.Build.0 = Debug|Any CPU
		{57A5101A-20F4-41AA-8649-2C3785DD5BA2}.Release|Any CPU.ActiveCfg = Release|Any CPU
		{57A5101A-20F4-41AA-8649-2C3785DD5BA2}.Release|Any CPU.Build.0 = Release|Any CPU
		{57A5101A-20F4-41AA-8649-2C3785DD5BA2}.Release|x64.ActiveCfg = Release|Any CPU
		{57A5101A-20F4-41AA-8649-2C3785DD5BA2}.Release|x64.Build.0 = Release|Any CPU
		{57A5101A-20F4-41AA-8649-2C3785DD5BA2}.Release|x86.ActiveCfg = Release|Any CPU
		{57A5101A-20F4-41AA-8649-2C3785DD5BA2}.Release|x86.Build.0 = Release|Any CPU
		{57A5101A-20F4-41AA-8649-2C3785DD5BA3}.Debug|Any CPU.ActiveCfg = Debug|Any CPU
		{57A5101A-20F4-41AA-8649-2C3785DD5BA3}.Debug|Any CPU.Build.0 = Debug|Any CPU
		{57A5101A-20F4-41AA-8649-2C3785DD5BA3}.Debug|x64.ActiveCfg = Debug|Any CPU
		{57A5101A-20F4-41AA-8649-2C3785DD5BA3}.Debug|x64.Build.0 = Debug|Any CPU
		{57A5101A-20F4-41AA-8649-2C3785DD5BA3}.Debug|x86.ActiveCfg = Debug|Any CPU
		{57A5101A-20F4-41AA-8649-2C3785DD5BA3}.Debug|x86.Build.0 = Debug|Any CPU
		{57A5101A-20F4-41AA-8649-2C3785DD5BA3}.Release|Any CPU.ActiveCfg = Release|Any CPU
		{57A5101A-20F4-41AA-8649-2C3785DD5BA3}.Release|Any CPU.Build.0 = Release|Any CPU
		{57A5101A-20F4-41AA-8649-2C3785DD5BA3}.Release|x64.ActiveCfg = Release|Any CPU
		{57A5101A-20F4-41AA-8649-2C3785DD5BA3}.Release|x64.Build.0 = Release|Any CPU
		{57A5101A-20F4-41AA-8649-2C3785DD5BA3}.Release|x86.ActiveCfg = Release|Any CPU
		{57A5101A-20F4-41AA-8649-2C3785DD5BA3}.Release|x86.Build.0 = Release|Any CPU
		{57A5101A-20F4-41AA-8649-2C3785DD5BA4}.Debug|Any CPU.ActiveCfg = Debug|Any CPU
		{57A5101A-20F4-41AA-8649-2C3785DD5BA4}.Debug|Any CPU.Build.0 = Debug|Any CPU
		{57A5101A-20F4-41AA-8649-2C3785DD5BA4}.Debug|x64.ActiveCfg = Debug|Any CPU
		{57A5101A-20F4-41AA-8649-2C3785DD5BA4}.Debug|x64.Build.0 = Debug|Any CPU
		{57A5101A-20F4-41AA-8649-2C3785DD5BA4}.Debug|x86.ActiveCfg = Debug|Any CPU
		{57A5101A-20F4-41AA-8649-2C3785DD5BA4}.Debug|x86.Build.0 = Debug|Any CPU
		{57A5101A-20F4-41AA-8649-2C3785DD5BA4}.Release|Any CPU.ActiveCfg = Release|Any CPU
		{57A5101A-20F4-41AA-8649-2C3785DD5BA4}.Release|Any CPU.Build.0 = Release|Any CPU
		{57A5101A-20F4-41AA-8649-2C3785DD5BA4}.Release|x64.ActiveCfg = Release|Any CPU
		{57A5101A-20F4-41AA-8649-2C3785DD5BA4}.Release|x64.Build.0 = Release|Any CPU
		{57A5101A-20F4-41AA-8649-2C3785DD5BA4}.Release|x86.ActiveCfg = Release|Any CPU
		{57A5101A-20F4-41AA-8649-2C3785DD5BA4}.Release|x86.Build.0 = Release|Any CPU
		{57A5101A-20F4-41AA-8649-2C3785DD5BA5}.Debug|Any CPU.ActiveCfg = Debug|Any CPU
		{57A5101A-20F4-41AA-8649-2C3785DD5BA5}.Debug|Any CPU.Build.0 = Debug|Any CPU
		{57A5101A-20F4-41AA-8649-2C3785DD5BA5}.Debug|x64.ActiveCfg = Debug|Any CPU
		{57A5101A-20F4-41AA-8649-2C3785DD5BA5}.Debug|x64.Build.0 = Debug|Any CPU
		{57A5101A-20F4-41AA-8649-2C3785DD5BA5}.Debug|x86.ActiveCfg = Debug|Any CPU
		{57A5101A-20F4-41AA-8649-2C3785DD5BA5}.Debug|x86.Build.0 = Debug|Any CPU
		{57A5101A-20F4-41AA-8649-2C3785DD5BA5}.Release|Any CPU.ActiveCfg = Release|Any CPU
		{57A5101A-20F4-41AA-8649-2C3785DD5BA5}.Release|Any CPU.Build.0 = Release|Any CPU
		{57A5101A-20F4-41AA-8649-2C3785DD5BA5}.Release|x64.ActiveCfg = Release|Any CPU
		{57A5101A-20F4-41AA-8649-2C3785DD5BA5}.Release|x64.Build.0 = Release|Any CPU
		{57A5101A-20F4-41AA-8649-2C3785DD5BA5}.Release|x86.ActiveCfg = Release|Any CPU
		{57A5101A-20F4-41AA-8649-2C3785DD5BA5}.Release|x86.Build.0 = Release|Any CPU
		{18F3FBE6-110E-4F14-912F-14273028191C}.Debug|Any CPU.ActiveCfg = Debug|Any CPU
		{18F3FBE6-110E-4F14-912F-14273028191C}.Debug|Any CPU.Build.0 = Debug|Any CPU
		{18F3FBE6-110E-4F14-912F-14273028191C}.Debug|x64.ActiveCfg = Debug|Any CPU
		{18F3FBE6-110E-4F14-912F-14273028191C}.Debug|x64.Build.0 = Debug|Any CPU
		{18F3FBE6-110E-4F14-912F-14273028191C}.Debug|x86.ActiveCfg = Debug|Any CPU
		{18F3FBE6-110E-4F14-912F-14273028191C}.Debug|x86.Build.0 = Debug|Any CPU
		{18F3FBE6-110E-4F14-912F-14273028191C}.Release|Any CPU.ActiveCfg = Release|Any CPU
		{18F3FBE6-110E-4F14-912F-14273028191C}.Release|Any CPU.Build.0 = Release|Any CPU
		{18F3FBE6-110E-4F14-912F-14273028191C}.Release|x64.ActiveCfg = Release|Any CPU
		{18F3FBE6-110E-4F14-912F-14273028191C}.Release|x64.Build.0 = Release|Any CPU
		{18F3FBE6-110E-4F14-912F-14273028191C}.Release|x86.ActiveCfg = Release|Any CPU
		{18F3FBE6-110E-4F14-912F-14273028191C}.Release|x86.Build.0 = Release|Any CPU
		{040FFF57-84CB-464C-83A5-B99002FF6605}.Debug|Any CPU.ActiveCfg = Debug|Any CPU
		{040FFF57-84CB-464C-83A5-B99002FF6605}.Debug|Any CPU.Build.0 = Debug|Any CPU
		{040FFF57-84CB-464C-83A5-B99002FF6605}.Debug|x64.ActiveCfg = Debug|Any CPU
		{040FFF57-84CB-464C-83A5-B99002FF6605}.Debug|x64.Build.0 = Debug|Any CPU
		{040FFF57-84CB-464C-83A5-B99002FF6605}.Debug|x86.ActiveCfg = Debug|Any CPU
		{040FFF57-84CB-464C-83A5-B99002FF6605}.Debug|x86.Build.0 = Debug|Any CPU
		{040FFF57-84CB-464C-83A5-B99002FF6605}.Release|Any CPU.ActiveCfg = Release|Any CPU
		{040FFF57-84CB-464C-83A5-B99002FF6605}.Release|Any CPU.Build.0 = Release|Any CPU
		{040FFF57-84CB-464C-83A5-B99002FF6605}.Release|x64.ActiveCfg = Release|Any CPU
		{040FFF57-84CB-464C-83A5-B99002FF6605}.Release|x64.Build.0 = Release|Any CPU
		{040FFF57-84CB-464C-83A5-B99002FF6605}.Release|x86.ActiveCfg = Release|Any CPU
		{040FFF57-84CB-464C-83A5-B99002FF6605}.Release|x86.Build.0 = Release|Any CPU
		{B0107F45-E452-40E4-8407-14F99895CE98}.Debug|Any CPU.ActiveCfg = Debug|Any CPU
		{B0107F45-E452-40E4-8407-14F99895CE98}.Debug|Any CPU.Build.0 = Debug|Any CPU
		{B0107F45-E452-40E4-8407-14F99895CE98}.Debug|x64.ActiveCfg = Debug|Any CPU
		{B0107F45-E452-40E4-8407-14F99895CE98}.Debug|x64.Build.0 = Debug|Any CPU
		{B0107F45-E452-40E4-8407-14F99895CE98}.Debug|x86.ActiveCfg = Debug|Any CPU
		{B0107F45-E452-40E4-8407-14F99895CE98}.Debug|x86.Build.0 = Debug|Any CPU
		{B0107F45-E452-40E4-8407-14F99895CE98}.Release|Any CPU.ActiveCfg = Release|Any CPU
		{B0107F45-E452-40E4-8407-14F99895CE98}.Release|Any CPU.Build.0 = Release|Any CPU
		{B0107F45-E452-40E4-8407-14F99895CE98}.Release|x64.ActiveCfg = Release|Any CPU
		{B0107F45-E452-40E4-8407-14F99895CE98}.Release|x64.Build.0 = Release|Any CPU
		{B0107F45-E452-40E4-8407-14F99895CE98}.Release|x86.ActiveCfg = Release|Any CPU
		{B0107F45-E452-40E4-8407-14F99895CE98}.Release|x86.Build.0 = Release|Any CPU
		{0A55FC49-7713-45CA-A1BD-A1ECBFF91DA7}.Debug|Any CPU.ActiveCfg = Debug|Any CPU
		{0A55FC49-7713-45CA-A1BD-A1ECBFF91DA7}.Debug|Any CPU.Build.0 = Debug|Any CPU
		{0A55FC49-7713-45CA-A1BD-A1ECBFF91DA7}.Debug|x64.ActiveCfg = Debug|Any CPU
		{0A55FC49-7713-45CA-A1BD-A1ECBFF91DA7}.Debug|x64.Build.0 = Debug|Any CPU
		{0A55FC49-7713-45CA-A1BD-A1ECBFF91DA7}.Debug|x86.ActiveCfg = Debug|Any CPU
		{0A55FC49-7713-45CA-A1BD-A1ECBFF91DA7}.Debug|x86.Build.0 = Debug|Any CPU
		{0A55FC49-7713-45CA-A1BD-A1ECBFF91DA7}.Release|Any CPU.ActiveCfg = Release|Any CPU
		{0A55FC49-7713-45CA-A1BD-A1ECBFF91DA7}.Release|Any CPU.Build.0 = Release|Any CPU
		{0A55FC49-7713-45CA-A1BD-A1ECBFF91DA7}.Release|x64.ActiveCfg = Release|Any CPU
		{0A55FC49-7713-45CA-A1BD-A1ECBFF91DA7}.Release|x64.Build.0 = Release|Any CPU
		{0A55FC49-7713-45CA-A1BD-A1ECBFF91DA7}.Release|x86.ActiveCfg = Release|Any CPU
		{0A55FC49-7713-45CA-A1BD-A1ECBFF91DA7}.Release|x86.Build.0 = Release|Any CPU
		{E1894A5A-B7D8-4F6B-8816-DBF7C5E1AE10}.Debug|Any CPU.ActiveCfg = Debug|Any CPU
		{E1894A5A-B7D8-4F6B-8816-DBF7C5E1AE10}.Debug|Any CPU.Build.0 = Debug|Any CPU
		{E1894A5A-B7D8-4F6B-8816-DBF7C5E1AE10}.Debug|x64.ActiveCfg = Debug|Any CPU
		{E1894A5A-B7D8-4F6B-8816-DBF7C5E1AE10}.Debug|x64.Build.0 = Debug|Any CPU
		{E1894A5A-B7D8-4F6B-8816-DBF7C5E1AE10}.Debug|x86.ActiveCfg = Debug|Any CPU
		{E1894A5A-B7D8-4F6B-8816-DBF7C5E1AE10}.Debug|x86.Build.0 = Debug|Any CPU
		{E1894A5A-B7D8-4F6B-8816-DBF7C5E1AE10}.Release|Any CPU.ActiveCfg = Release|Any CPU
		{E1894A5A-B7D8-4F6B-8816-DBF7C5E1AE10}.Release|Any CPU.Build.0 = Release|Any CPU
		{E1894A5A-B7D8-4F6B-8816-DBF7C5E1AE10}.Release|x64.ActiveCfg = Release|Any CPU
		{E1894A5A-B7D8-4F6B-8816-DBF7C5E1AE10}.Release|x64.Build.0 = Release|Any CPU
		{E1894A5A-B7D8-4F6B-8816-DBF7C5E1AE10}.Release|x86.ActiveCfg = Release|Any CPU
		{E1894A5A-B7D8-4F6B-8816-DBF7C5E1AE10}.Release|x86.Build.0 = Release|Any CPU
		{EF54AA9B-A725-44B5-96B5-AE526EF431CF}.Debug|Any CPU.ActiveCfg = Debug|Any CPU
		{EF54AA9B-A725-44B5-96B5-AE526EF431CF}.Debug|Any CPU.Build.0 = Debug|Any CPU
		{EF54AA9B-A725-44B5-96B5-AE526EF431CF}.Debug|x64.ActiveCfg = Debug|Any CPU
		{EF54AA9B-A725-44B5-96B5-AE526EF431CF}.Debug|x64.Build.0 = Debug|Any CPU
		{EF54AA9B-A725-44B5-96B5-AE526EF431CF}.Debug|x86.ActiveCfg = Debug|Any CPU
		{EF54AA9B-A725-44B5-96B5-AE526EF431CF}.Debug|x86.Build.0 = Debug|Any CPU
		{EF54AA9B-A725-44B5-96B5-AE526EF431CF}.Release|Any CPU.ActiveCfg = Release|Any CPU
		{EF54AA9B-A725-44B5-96B5-AE526EF431CF}.Release|Any CPU.Build.0 = Release|Any CPU
		{EF54AA9B-A725-44B5-96B5-AE526EF431CF}.Release|x64.ActiveCfg = Release|Any CPU
		{EF54AA9B-A725-44B5-96B5-AE526EF431CF}.Release|x64.Build.0 = Release|Any CPU
		{EF54AA9B-A725-44B5-96B5-AE526EF431CF}.Release|x86.ActiveCfg = Release|Any CPU
		{EF54AA9B-A725-44B5-96B5-AE526EF431CF}.Release|x86.Build.0 = Release|Any CPU
		{C9B08D56-83B9-4CFC-A023-9FDFA1BFA35A}.Debug|Any CPU.ActiveCfg = Debug|Any CPU
		{C9B08D56-83B9-4CFC-A023-9FDFA1BFA35A}.Debug|Any CPU.Build.0 = Debug|Any CPU
		{C9B08D56-83B9-4CFC-A023-9FDFA1BFA35A}.Debug|x64.ActiveCfg = Debug|Any CPU
		{C9B08D56-83B9-4CFC-A023-9FDFA1BFA35A}.Debug|x64.Build.0 = Debug|Any CPU
		{C9B08D56-83B9-4CFC-A023-9FDFA1BFA35A}.Debug|x86.ActiveCfg = Debug|Any CPU
		{C9B08D56-83B9-4CFC-A023-9FDFA1BFA35A}.Debug|x86.Build.0 = Debug|Any CPU
		{C9B08D56-83B9-4CFC-A023-9FDFA1BFA35A}.Release|Any CPU.ActiveCfg = Release|Any CPU
		{C9B08D56-83B9-4CFC-A023-9FDFA1BFA35A}.Release|Any CPU.Build.0 = Release|Any CPU
		{C9B08D56-83B9-4CFC-A023-9FDFA1BFA35A}.Release|x64.ActiveCfg = Release|Any CPU
		{C9B08D56-83B9-4CFC-A023-9FDFA1BFA35A}.Release|x64.Build.0 = Release|Any CPU
		{C9B08D56-83B9-4CFC-A023-9FDFA1BFA35A}.Release|x86.ActiveCfg = Release|Any CPU
		{C9B08D56-83B9-4CFC-A023-9FDFA1BFA35A}.Release|x86.Build.0 = Release|Any CPU
		{96C1F385-E395-4B88-BC6C-0CD2E844EBFF}.Debug|Any CPU.ActiveCfg = Debug|Any CPU
		{96C1F385-E395-4B88-BC6C-0CD2E844EBFF}.Debug|Any CPU.Build.0 = Debug|Any CPU
		{96C1F385-E395-4B88-BC6C-0CD2E844EBFF}.Debug|x64.ActiveCfg = Debug|Any CPU
		{96C1F385-E395-4B88-BC6C-0CD2E844EBFF}.Debug|x64.Build.0 = Debug|Any CPU
		{96C1F385-E395-4B88-BC6C-0CD2E844EBFF}.Debug|x86.ActiveCfg = Debug|Any CPU
		{96C1F385-E395-4B88-BC6C-0CD2E844EBFF}.Debug|x86.Build.0 = Debug|Any CPU
		{96C1F385-E395-4B88-BC6C-0CD2E844EBFF}.Release|Any CPU.ActiveCfg = Release|Any CPU
		{96C1F385-E395-4B88-BC6C-0CD2E844EBFF}.Release|Any CPU.Build.0 = Release|Any CPU
		{96C1F385-E395-4B88-BC6C-0CD2E844EBFF}.Release|x64.ActiveCfg = Release|Any CPU
		{96C1F385-E395-4B88-BC6C-0CD2E844EBFF}.Release|x64.Build.0 = Release|Any CPU
		{96C1F385-E395-4B88-BC6C-0CD2E844EBFF}.Release|x86.ActiveCfg = Release|Any CPU
		{96C1F385-E395-4B88-BC6C-0CD2E844EBFF}.Release|x86.Build.0 = Release|Any CPU
		{2C5561B7-AAB9-436B-A7E0-A4A15E8565A1}.Debug|Any CPU.ActiveCfg = Debug|Any CPU
		{2C5561B7-AAB9-436B-A7E0-A4A15E8565A1}.Debug|Any CPU.Build.0 = Debug|Any CPU
		{2C5561B7-AAB9-436B-A7E0-A4A15E8565A1}.Debug|x64.ActiveCfg = Debug|Any CPU
		{2C5561B7-AAB9-436B-A7E0-A4A15E8565A1}.Debug|x64.Build.0 = Debug|Any CPU
		{2C5561B7-AAB9-436B-A7E0-A4A15E8565A1}.Debug|x86.ActiveCfg = Debug|Any CPU
		{2C5561B7-AAB9-436B-A7E0-A4A15E8565A1}.Debug|x86.Build.0 = Debug|Any CPU
		{2C5561B7-AAB9-436B-A7E0-A4A15E8565A1}.Release|Any CPU.ActiveCfg = Release|Any CPU
		{2C5561B7-AAB9-436B-A7E0-A4A15E8565A1}.Release|Any CPU.Build.0 = Release|Any CPU
		{2C5561B7-AAB9-436B-A7E0-A4A15E8565A1}.Release|x64.ActiveCfg = Release|Any CPU
		{2C5561B7-AAB9-436B-A7E0-A4A15E8565A1}.Release|x64.Build.0 = Release|Any CPU
		{2C5561B7-AAB9-436B-A7E0-A4A15E8565A1}.Release|x86.ActiveCfg = Release|Any CPU
		{2C5561B7-AAB9-436B-A7E0-A4A15E8565A1}.Release|x86.Build.0 = Release|Any CPU
		{E88815EE-7016-44DF-9F24-8805F4C5FDEB}.Debug|Any CPU.ActiveCfg = Debug|Any CPU
		{E88815EE-7016-44DF-9F24-8805F4C5FDEB}.Debug|Any CPU.Build.0 = Debug|Any CPU
		{E88815EE-7016-44DF-9F24-8805F4C5FDEB}.Debug|x64.ActiveCfg = Debug|Any CPU
		{E88815EE-7016-44DF-9F24-8805F4C5FDEB}.Debug|x64.Build.0 = Debug|Any CPU
		{E88815EE-7016-44DF-9F24-8805F4C5FDEB}.Debug|x86.ActiveCfg = Debug|Any CPU
		{E88815EE-7016-44DF-9F24-8805F4C5FDEB}.Debug|x86.Build.0 = Debug|Any CPU
		{E88815EE-7016-44DF-9F24-8805F4C5FDEB}.Release|Any CPU.ActiveCfg = Release|Any CPU
		{E88815EE-7016-44DF-9F24-8805F4C5FDEB}.Release|Any CPU.Build.0 = Release|Any CPU
		{E88815EE-7016-44DF-9F24-8805F4C5FDEB}.Release|x64.ActiveCfg = Release|Any CPU
		{E88815EE-7016-44DF-9F24-8805F4C5FDEB}.Release|x64.Build.0 = Release|Any CPU
		{E88815EE-7016-44DF-9F24-8805F4C5FDEB}.Release|x86.ActiveCfg = Release|Any CPU
		{E88815EE-7016-44DF-9F24-8805F4C5FDEB}.Release|x86.Build.0 = Release|Any CPU
		{50FF1983-6D96-4C66-A8B9-69077F722170}.Debug|Any CPU.ActiveCfg = Debug|Any CPU
		{50FF1983-6D96-4C66-A8B9-69077F722170}.Debug|Any CPU.Build.0 = Debug|Any CPU
		{50FF1983-6D96-4C66-A8B9-69077F722170}.Debug|x64.ActiveCfg = Debug|Any CPU
		{50FF1983-6D96-4C66-A8B9-69077F722170}.Debug|x64.Build.0 = Debug|Any CPU
		{50FF1983-6D96-4C66-A8B9-69077F722170}.Debug|x86.ActiveCfg = Debug|Any CPU
		{50FF1983-6D96-4C66-A8B9-69077F722170}.Debug|x86.Build.0 = Debug|Any CPU
		{50FF1983-6D96-4C66-A8B9-69077F722170}.Release|Any CPU.ActiveCfg = Release|Any CPU
		{50FF1983-6D96-4C66-A8B9-69077F722170}.Release|Any CPU.Build.0 = Release|Any CPU
		{50FF1983-6D96-4C66-A8B9-69077F722170}.Release|x64.ActiveCfg = Release|Any CPU
		{50FF1983-6D96-4C66-A8B9-69077F722170}.Release|x64.Build.0 = Release|Any CPU
		{50FF1983-6D96-4C66-A8B9-69077F722170}.Release|x86.ActiveCfg = Release|Any CPU
		{50FF1983-6D96-4C66-A8B9-69077F722170}.Release|x86.Build.0 = Release|Any CPU
		{9F2138C1-57AC-4D45-B771-93CBB48CDF95}.Debug|Any CPU.ActiveCfg = Debug|Any CPU
		{9F2138C1-57AC-4D45-B771-93CBB48CDF95}.Debug|Any CPU.Build.0 = Debug|Any CPU
		{9F2138C1-57AC-4D45-B771-93CBB48CDF95}.Debug|x64.ActiveCfg = Debug|Any CPU
		{9F2138C1-57AC-4D45-B771-93CBB48CDF95}.Debug|x64.Build.0 = Debug|Any CPU
		{9F2138C1-57AC-4D45-B771-93CBB48CDF95}.Debug|x86.ActiveCfg = Debug|Any CPU
		{9F2138C1-57AC-4D45-B771-93CBB48CDF95}.Debug|x86.Build.0 = Debug|Any CPU
		{9F2138C1-57AC-4D45-B771-93CBB48CDF95}.Release|Any CPU.ActiveCfg = Release|Any CPU
		{9F2138C1-57AC-4D45-B771-93CBB48CDF95}.Release|Any CPU.Build.0 = Release|Any CPU
		{9F2138C1-57AC-4D45-B771-93CBB48CDF95}.Release|x64.ActiveCfg = Release|Any CPU
		{9F2138C1-57AC-4D45-B771-93CBB48CDF95}.Release|x64.Build.0 = Release|Any CPU
		{9F2138C1-57AC-4D45-B771-93CBB48CDF95}.Release|x86.ActiveCfg = Release|Any CPU
		{9F2138C1-57AC-4D45-B771-93CBB48CDF95}.Release|x86.Build.0 = Release|Any CPU
		{DA33623B-7EAB-4B9F-8670-75BE3DB7156F}.Debug|Any CPU.ActiveCfg = Debug|Any CPU
		{DA33623B-7EAB-4B9F-8670-75BE3DB7156F}.Debug|Any CPU.Build.0 = Debug|Any CPU
		{DA33623B-7EAB-4B9F-8670-75BE3DB7156F}.Debug|x64.ActiveCfg = Debug|Any CPU
		{DA33623B-7EAB-4B9F-8670-75BE3DB7156F}.Debug|x64.Build.0 = Debug|Any CPU
		{DA33623B-7EAB-4B9F-8670-75BE3DB7156F}.Debug|x86.ActiveCfg = Debug|Any CPU
		{DA33623B-7EAB-4B9F-8670-75BE3DB7156F}.Debug|x86.Build.0 = Debug|Any CPU
		{DA33623B-7EAB-4B9F-8670-75BE3DB7156F}.Release|Any CPU.ActiveCfg = Release|Any CPU
		{DA33623B-7EAB-4B9F-8670-75BE3DB7156F}.Release|Any CPU.Build.0 = Release|Any CPU
		{DA33623B-7EAB-4B9F-8670-75BE3DB7156F}.Release|x64.ActiveCfg = Release|Any CPU
		{DA33623B-7EAB-4B9F-8670-75BE3DB7156F}.Release|x64.Build.0 = Release|Any CPU
		{DA33623B-7EAB-4B9F-8670-75BE3DB7156F}.Release|x86.ActiveCfg = Release|Any CPU
		{DA33623B-7EAB-4B9F-8670-75BE3DB7156F}.Release|x86.Build.0 = Release|Any CPU
		{82CD5FAA-8933-4FE0-B97B-0C0EEA7CD51B}.Debug|Any CPU.ActiveCfg = Debug|Any CPU
		{82CD5FAA-8933-4FE0-B97B-0C0EEA7CD51B}.Debug|Any CPU.Build.0 = Debug|Any CPU
		{82CD5FAA-8933-4FE0-B97B-0C0EEA7CD51B}.Debug|x64.ActiveCfg = Debug|Any CPU
		{82CD5FAA-8933-4FE0-B97B-0C0EEA7CD51B}.Debug|x64.Build.0 = Debug|Any CPU
		{82CD5FAA-8933-4FE0-B97B-0C0EEA7CD51B}.Debug|x86.ActiveCfg = Debug|Any CPU
		{82CD5FAA-8933-4FE0-B97B-0C0EEA7CD51B}.Debug|x86.Build.0 = Debug|Any CPU
		{82CD5FAA-8933-4FE0-B97B-0C0EEA7CD51B}.Release|Any CPU.ActiveCfg = Release|Any CPU
		{82CD5FAA-8933-4FE0-B97B-0C0EEA7CD51B}.Release|Any CPU.Build.0 = Release|Any CPU
		{82CD5FAA-8933-4FE0-B97B-0C0EEA7CD51B}.Release|x64.ActiveCfg = Release|Any CPU
		{82CD5FAA-8933-4FE0-B97B-0C0EEA7CD51B}.Release|x64.Build.0 = Release|Any CPU
		{82CD5FAA-8933-4FE0-B97B-0C0EEA7CD51B}.Release|x86.ActiveCfg = Release|Any CPU
		{82CD5FAA-8933-4FE0-B97B-0C0EEA7CD51B}.Release|x86.Build.0 = Release|Any CPU
		{1A5F1EA2-4C3B-4B71-AEE2-D1013ECA240F}.Debug|Any CPU.ActiveCfg = Debug|Any CPU
		{1A5F1EA2-4C3B-4B71-AEE2-D1013ECA240F}.Debug|Any CPU.Build.0 = Debug|Any CPU
		{1A5F1EA2-4C3B-4B71-AEE2-D1013ECA240F}.Debug|x64.ActiveCfg = Debug|Any CPU
		{1A5F1EA2-4C3B-4B71-AEE2-D1013ECA240F}.Debug|x64.Build.0 = Debug|Any CPU
		{1A5F1EA2-4C3B-4B71-AEE2-D1013ECA240F}.Debug|x86.ActiveCfg = Debug|Any CPU
		{1A5F1EA2-4C3B-4B71-AEE2-D1013ECA240F}.Debug|x86.Build.0 = Debug|Any CPU
		{1A5F1EA2-4C3B-4B71-AEE2-D1013ECA240F}.Release|Any CPU.ActiveCfg = Release|Any CPU
		{1A5F1EA2-4C3B-4B71-AEE2-D1013ECA240F}.Release|Any CPU.Build.0 = Release|Any CPU
		{1A5F1EA2-4C3B-4B71-AEE2-D1013ECA240F}.Release|x64.ActiveCfg = Release|Any CPU
		{1A5F1EA2-4C3B-4B71-AEE2-D1013ECA240F}.Release|x64.Build.0 = Release|Any CPU
		{1A5F1EA2-4C3B-4B71-AEE2-D1013ECA240F}.Release|x86.ActiveCfg = Release|Any CPU
		{1A5F1EA2-4C3B-4B71-AEE2-D1013ECA240F}.Release|x86.Build.0 = Release|Any CPU
	EndGlobalSection
EndGlobal
