
Microsoft Visual Studio Solution File, Format Version 12.00
# Visual Studio 15
VisualStudioVersion = 15.0.26124.0
MinimumVisualStudioVersion = 15.0.26124.0
Project("{FAE04EC0-301F-11D3-BF4B-00C04F79EFBC}") = "OpenTabletDriver", "OpenTabletDriver\OpenTabletDriver.csproj", "{E1407092-4EC3-4FDB-A1F7-27684B889750}"
EndProject
Project("{FAE04EC0-301F-11D3-BF4B-00C04F79EFBC}") = "OpenTabletDriver.Native", "OpenTabletDriver.Native\OpenTabletDriver.Native.csproj", "{57A5101A-20F4-41AA-8649-2C3785DD5BA2}"
EndProject
Project("{FAE04EC0-301F-11D3-BF4B-00C04F79EFBC}") = "OpenTabletDriver.Native.Windows", "OpenTabletDriver.Native.Windows\OpenTabletDriver.Native.Windows.csproj", "{57A5101A-20F4-41AA-8649-2C3785DD5BA3}"
EndProject
Project("{FAE04EC0-301F-11D3-BF4B-00C04F79EFBC}") = "OpenTabletDriver.Native.Linux", "OpenTabletDriver.Native.Linux\OpenTabletDriver.Native.Linux.csproj", "{57A5101A-20F4-41AA-8649-2C3785DD5BA4}"
EndProject
Project("{FAE04EC0-301F-11D3-BF4B-00C04F79EFBC}") = "OpenTabletDriver.Native.MacOS", "OpenTabletDriver.Native.MacOS\OpenTabletDriver.Native.MacOS.csproj", "{57A5101A-20F4-41AA-8649-2C3785DD5BA5}"
EndProject
Project("{FAE04EC0-301F-11D3-BF4B-00C04F79EFBC}") = "OpenTabletDriver.Daemon", "OpenTabletDriver.Daemon\OpenTabletDriver.Daemon.csproj", "{18F3FBE6-110E-4F14-912F-14273028191C}"
EndProject
Project("{FAE04EC0-301F-11D3-BF4B-00C04F79EFBC}") = "OpenTabletDriver.Console", "OpenTabletDriver.Console\OpenTabletDriver.Console.csproj", "{040FFF57-84CB-464C-83A5-B99002FF6605}"
EndProject
Project("{FAE04EC0-301F-11D3-BF4B-00C04F79EFBC}") = "OpenTabletDriver.Tests", "OpenTabletDriver.Tests\OpenTabletDriver.Tests.csproj", "{B0107F45-E452-40E4-8407-14F99895CE98}"
EndProject
Project("{FAE04EC0-301F-11D3-BF4B-00C04F79EFBC}") = "OpenTabletDriver.Desktop", "OpenTabletDriver.Desktop\OpenTabletDriver.Desktop.csproj", "{A72DF3AF-BFA5-4573-B02B-85E186AA428A}"
EndProject
Project("{FAE04EC0-301F-11D3-BF4B-00C04F79EFBC}") = "OpenTabletDriver.Benchmarks", "OpenTabletDriver.Benchmarks\OpenTabletDriver.Benchmarks.csproj", "{0A55FC49-7713-45CA-A1BD-A1ECBFF91DA7}"
EndProject
Project("{FAE04EC0-301F-11D3-BF4B-00C04F79EFBC}") = "OpenTabletDriver.Tools.udev", "OpenTabletDriver.Tools.udev\OpenTabletDriver.Tools.udev.csproj", "{E1894A5A-B7D8-4F6B-8816-DBF7C5E1AE10}"
EndProject
Project("{FAE04EC0-301F-11D3-BF4B-00C04F79EFBC}") = "OpenTabletDriver.Configurations", "OpenTabletDriver.Configurations\OpenTabletDriver.Configurations.csproj", "{EF54AA9B-A725-44B5-96B5-AE526EF431CF}"
EndProject
Project("{FAE04EC0-301F-11D3-BF4B-00C04F79EFBC}") = "OpenTabletDriver.UX", "OpenTabletDriver.UX\OpenTabletDriver.UX.csproj", "{4879CD37-BB09-4238-8CB9-34074D589969}"
EndProject
Project("{FAE04EC0-301F-11D3-BF4B-00C04F79EFBC}") = "OpenTabletDriver.UX.Gtk", "OpenTabletDriver.UX.Gtk\OpenTabletDriver.UX.Gtk.csproj", "{E28E6DE4-382F-4609-AB44-4159BE7A9E44}"
EndProject
Project("{FAE04EC0-301F-11D3-BF4B-00C04F79EFBC}") = "OpenTabletDriver.UX.Wpf", "OpenTabletDriver.UX.Wpf\OpenTabletDriver.UX.Wpf.csproj", "{865533DD-6FF4-417E-B849-8DCF79B7DB50}"
EndProject
Project("{FAE04EC0-301F-11D3-BF4B-00C04F79EFBC}") = "OpenTabletDriver.UX.MacOS", "OpenTabletDriver.UX.MacOS\OpenTabletDriver.UX.MacOS.csproj", "{04F1C172-8816-4FEC-B54B-D82535996C01}"
EndProject
Project("{FAE04EC0-301F-11D3-BF4B-00C04F79EFBC}") = "OpenTabletDriver.Analyzers", "OpenTabletDriver.Analyzers\OpenTabletDriver.Analyzers.csproj", "{C9B08D56-83B9-4CFC-A023-9FDFA1BFA35A}"
EndProject
Project("{FAE04EC0-301F-11D3-BF4B-00C04F79EFBC}") = "OpenTabletDriver.Analyzers.Tests", "OpenTabletDriver.Analyzers.Tests\OpenTabletDriver.Analyzers.Tests.csproj", "{96C1F385-E395-4B88-BC6C-0CD2E844EBFF}"
EndProject
Global
	GlobalSection(SolutionConfigurationPlatforms) = preSolution
		Debug|Any CPU = Debug|Any CPU
		Debug|x64 = Debug|x64
		Debug|x86 = Debug|x86
		Release|Any CPU = Release|Any CPU
		Release|x64 = Release|x64
		Release|x86 = Release|x86
	EndGlobalSection
	GlobalSection(SolutionProperties) = preSolution
		HideSolutionNode = FALSE
	EndGlobalSection
	GlobalSection(ProjectConfigurationPlatforms) = postSolution
		{E1407092-4EC3-4FDB-A1F7-27684B889750}.Debug|Any CPU.ActiveCfg = Debug|Any CPU
		{E1407092-4EC3-4FDB-A1F7-27684B889750}.Debug|Any CPU.Build.0 = Debug|Any CPU
		{E1407092-4EC3-4FDB-A1F7-27684B889750}.Debug|x64.ActiveCfg = Debug|Any CPU
		{E1407092-4EC3-4FDB-A1F7-27684B889750}.Debug|x64.Build.0 = Debug|Any CPU
		{E1407092-4EC3-4FDB-A1F7-27684B889750}.Debug|x86.ActiveCfg = Debug|Any CPU
		{E1407092-4EC3-4FDB-A1F7-27684B889750}.Debug|x86.Build.0 = Debug|Any CPU
		{E1407092-4EC3-4FDB-A1F7-27684B889750}.Release|Any CPU.ActiveCfg = Release|Any CPU
		{E1407092-4EC3-4FDB-A1F7-27684B889750}.Release|Any CPU.Build.0 = Release|Any CPU
		{E1407092-4EC3-4FDB-A1F7-27684B889750}.Release|x64.ActiveCfg = Release|Any CPU
		{E1407092-4EC3-4FDB-A1F7-27684B889750}.Release|x64.Build.0 = Release|Any CPU
		{E1407092-4EC3-4FDB-A1F7-27684B889750}.Release|x86.ActiveCfg = Release|Any CPU
		{E1407092-4EC3-4FDB-A1F7-27684B889750}.Release|x86.Build.0 = Release|Any CPU
		{57A5101A-20F4-41AA-8649-2C3785DD5BA2}.Debug|Any CPU.ActiveCfg = Debug|Any CPU
		{57A5101A-20F4-41AA-8649-2C3785DD5BA2}.Debug|Any CPU.Build.0 = Debug|Any CPU
		{57A5101A-20F4-41AA-8649-2C3785DD5BA2}.Debug|x64.ActiveCfg = Debug|Any CPU
		{57A5101A-20F4-41AA-8649-2C3785DD5BA2}.Debug|x64.Build.0 = Debug|Any CPU
		{57A5101A-20F4-41AA-8649-2C3785DD5BA2}.Debug|x86.ActiveCfg = Debug|Any CPU
		{57A5101A-20F4-41AA-8649-2C3785DD5BA2}.Debug|x86.Build.0 = Debug|Any CPU
		{57A5101A-20F4-41AA-8649-2C3785DD5BA2}.Release|Any CPU.ActiveCfg = Release|Any CPU
		{57A5101A-20F4-41AA-8649-2C3785DD5BA2}.Release|Any CPU.Build.0 = Release|Any CPU
		{57A5101A-20F4-41AA-8649-2C3785DD5BA2}.Release|x64.ActiveCfg = Release|Any CPU
		{57A5101A-20F4-41AA-8649-2C3785DD5BA2}.Release|x64.Build.0 = Release|Any CPU
		{57A5101A-20F4-41AA-8649-2C3785DD5BA2}.Release|x86.ActiveCfg = Release|Any CPU
		{57A5101A-20F4-41AA-8649-2C3785DD5BA2}.Release|x86.Build.0 = Release|Any CPU
		{57A5101A-20F4-41AA-8649-2C3785DD5BA3}.Debug|Any CPU.ActiveCfg = Debug|Any CPU
		{57A5101A-20F4-41AA-8649-2C3785DD5BA3}.Debug|Any CPU.Build.0 = Debug|Any CPU
		{57A5101A-20F4-41AA-8649-2C3785DD5BA3}.Debug|x64.ActiveCfg = Debug|Any CPU
		{57A5101A-20F4-41AA-8649-2C3785DD5BA3}.Debug|x64.Build.0 = Debug|Any CPU
		{57A5101A-20F4-41AA-8649-2C3785DD5BA3}.Debug|x86.ActiveCfg = Debug|Any CPU
		{57A5101A-20F4-41AA-8649-2C3785DD5BA3}.Debug|x86.Build.0 = Debug|Any CPU
		{57A5101A-20F4-41AA-8649-2C3785DD5BA3}.Release|Any CPU.ActiveCfg = Release|Any CPU
		{57A5101A-20F4-41AA-8649-2C3785DD5BA3}.Release|Any CPU.Build.0 = Release|Any CPU
		{57A5101A-20F4-41AA-8649-2C3785DD5BA3}.Release|x64.ActiveCfg = Release|Any CPU
		{57A5101A-20F4-41AA-8649-2C3785DD5BA3}.Release|x64.Build.0 = Release|Any CPU
		{57A5101A-20F4-41AA-8649-2C3785DD5BA3}.Release|x86.ActiveCfg = Release|Any CPU
		{57A5101A-20F4-41AA-8649-2C3785DD5BA3}.Release|x86.Build.0 = Release|Any CPU
		{57A5101A-20F4-41AA-8649-2C3785DD5BA4}.Debug|Any CPU.ActiveCfg = Debug|Any CPU
		{57A5101A-20F4-41AA-8649-2C3785DD5BA4}.Debug|Any CPU.Build.0 = Debug|Any CPU
		{57A5101A-20F4-41AA-8649-2C3785DD5BA4}.Debug|x64.ActiveCfg = Debug|Any CPU
		{57A5101A-20F4-41AA-8649-2C3785DD5BA4}.Debug|x64.Build.0 = Debug|Any CPU
		{57A5101A-20F4-41AA-8649-2C3785DD5BA4}.Debug|x86.ActiveCfg = Debug|Any CPU
		{57A5101A-20F4-41AA-8649-2C3785DD5BA4}.Debug|x86.Build.0 = Debug|Any CPU
		{57A5101A-20F4-41AA-8649-2C3785DD5BA4}.Release|Any CPU.ActiveCfg = Release|Any CPU
		{57A5101A-20F4-41AA-8649-2C3785DD5BA4}.Release|Any CPU.Build.0 = Release|Any CPU
		{57A5101A-20F4-41AA-8649-2C3785DD5BA4}.Release|x64.ActiveCfg = Release|Any CPU
		{57A5101A-20F4-41AA-8649-2C3785DD5BA4}.Release|x64.Build.0 = Release|Any CPU
		{57A5101A-20F4-41AA-8649-2C3785DD5BA4}.Release|x86.ActiveCfg = Release|Any CPU
		{57A5101A-20F4-41AA-8649-2C3785DD5BA4}.Release|x86.Build.0 = Release|Any CPU
		{57A5101A-20F4-41AA-8649-2C3785DD5BA5}.Debug|Any CPU.ActiveCfg = Debug|Any CPU
		{57A5101A-20F4-41AA-8649-2C3785DD5BA5}.Debug|Any CPU.Build.0 = Debug|Any CPU
		{57A5101A-20F4-41AA-8649-2C3785DD5BA5}.Debug|x64.ActiveCfg = Debug|Any CPU
		{57A5101A-20F4-41AA-8649-2C3785DD5BA5}.Debug|x64.Build.0 = Debug|Any CPU
		{57A5101A-20F4-41AA-8649-2C3785DD5BA5}.Debug|x86.ActiveCfg = Debug|Any CPU
		{57A5101A-20F4-41AA-8649-2C3785DD5BA5}.Debug|x86.Build.0 = Debug|Any CPU
		{57A5101A-20F4-41AA-8649-2C3785DD5BA5}.Release|Any CPU.ActiveCfg = Release|Any CPU
		{57A5101A-20F4-41AA-8649-2C3785DD5BA5}.Release|Any CPU.Build.0 = Release|Any CPU
		{57A5101A-20F4-41AA-8649-2C3785DD5BA5}.Release|x64.ActiveCfg = Release|Any CPU
		{57A5101A-20F4-41AA-8649-2C3785DD5BA5}.Release|x64.Build.0 = Release|Any CPU
		{57A5101A-20F4-41AA-8649-2C3785DD5BA5}.Release|x86.ActiveCfg = Release|Any CPU
		{57A5101A-20F4-41AA-8649-2C3785DD5BA5}.Release|x86.Build.0 = Release|Any CPU
		{18F3FBE6-110E-4F14-912F-14273028191C}.Debug|Any CPU.ActiveCfg = Debug|Any CPU
		{18F3FBE6-110E-4F14-912F-14273028191C}.Debug|Any CPU.Build.0 = Debug|Any CPU
		{18F3FBE6-110E-4F14-912F-14273028191C}.Debug|x64.ActiveCfg = Debug|Any CPU
		{18F3FBE6-110E-4F14-912F-14273028191C}.Debug|x64.Build.0 = Debug|Any CPU
		{18F3FBE6-110E-4F14-912F-14273028191C}.Debug|x86.ActiveCfg = Debug|Any CPU
		{18F3FBE6-110E-4F14-912F-14273028191C}.Debug|x86.Build.0 = Debug|Any CPU
		{18F3FBE6-110E-4F14-912F-14273028191C}.Release|Any CPU.ActiveCfg = Release|Any CPU
		{18F3FBE6-110E-4F14-912F-14273028191C}.Release|Any CPU.Build.0 = Release|Any CPU
		{18F3FBE6-110E-4F14-912F-14273028191C}.Release|x64.ActiveCfg = Release|Any CPU
		{18F3FBE6-110E-4F14-912F-14273028191C}.Release|x64.Build.0 = Release|Any CPU
		{18F3FBE6-110E-4F14-912F-14273028191C}.Release|x86.ActiveCfg = Release|Any CPU
		{18F3FBE6-110E-4F14-912F-14273028191C}.Release|x86.Build.0 = Release|Any CPU
		{040FFF57-84CB-464C-83A5-B99002FF6605}.Debug|Any CPU.ActiveCfg = Debug|Any CPU
		{040FFF57-84CB-464C-83A5-B99002FF6605}.Debug|Any CPU.Build.0 = Debug|Any CPU
		{040FFF57-84CB-464C-83A5-B99002FF6605}.Debug|x64.ActiveCfg = Debug|Any CPU
		{040FFF57-84CB-464C-83A5-B99002FF6605}.Debug|x64.Build.0 = Debug|Any CPU
		{040FFF57-84CB-464C-83A5-B99002FF6605}.Debug|x86.ActiveCfg = Debug|Any CPU
		{040FFF57-84CB-464C-83A5-B99002FF6605}.Debug|x86.Build.0 = Debug|Any CPU
		{040FFF57-84CB-464C-83A5-B99002FF6605}.Release|Any CPU.ActiveCfg = Release|Any CPU
		{040FFF57-84CB-464C-83A5-B99002FF6605}.Release|Any CPU.Build.0 = Release|Any CPU
		{040FFF57-84CB-464C-83A5-B99002FF6605}.Release|x64.ActiveCfg = Release|Any CPU
		{040FFF57-84CB-464C-83A5-B99002FF6605}.Release|x64.Build.0 = Release|Any CPU
		{040FFF57-84CB-464C-83A5-B99002FF6605}.Release|x86.ActiveCfg = Release|Any CPU
		{040FFF57-84CB-464C-83A5-B99002FF6605}.Release|x86.Build.0 = Release|Any CPU
		{B0107F45-E452-40E4-8407-14F99895CE98}.Debug|Any CPU.ActiveCfg = Debug|Any CPU
		{B0107F45-E452-40E4-8407-14F99895CE98}.Debug|Any CPU.Build.0 = Debug|Any CPU
		{B0107F45-E452-40E4-8407-14F99895CE98}.Debug|x64.ActiveCfg = Debug|Any CPU
		{B0107F45-E452-40E4-8407-14F99895CE98}.Debug|x64.Build.0 = Debug|Any CPU
		{B0107F45-E452-40E4-8407-14F99895CE98}.Debug|x86.ActiveCfg = Debug|Any CPU
		{B0107F45-E452-40E4-8407-14F99895CE98}.Debug|x86.Build.0 = Debug|Any CPU
		{B0107F45-E452-40E4-8407-14F99895CE98}.Release|Any CPU.ActiveCfg = Release|Any CPU
		{B0107F45-E452-40E4-8407-14F99895CE98}.Release|Any CPU.Build.0 = Release|Any CPU
		{B0107F45-E452-40E4-8407-14F99895CE98}.Release|x64.ActiveCfg = Release|Any CPU
		{B0107F45-E452-40E4-8407-14F99895CE98}.Release|x64.Build.0 = Release|Any CPU
		{B0107F45-E452-40E4-8407-14F99895CE98}.Release|x86.ActiveCfg = Release|Any CPU
		{B0107F45-E452-40E4-8407-14F99895CE98}.Release|x86.Build.0 = Release|Any CPU
		{A72DF3AF-BFA5-4573-B02B-85E186AA428A}.Debug|Any CPU.ActiveCfg = Debug|Any CPU
		{A72DF3AF-BFA5-4573-B02B-85E186AA428A}.Debug|Any CPU.Build.0 = Debug|Any CPU
		{A72DF3AF-BFA5-4573-B02B-85E186AA428A}.Debug|x64.ActiveCfg = Debug|Any CPU
		{A72DF3AF-BFA5-4573-B02B-85E186AA428A}.Debug|x64.Build.0 = Debug|Any CPU
		{A72DF3AF-BFA5-4573-B02B-85E186AA428A}.Debug|x86.ActiveCfg = Debug|Any CPU
		{A72DF3AF-BFA5-4573-B02B-85E186AA428A}.Debug|x86.Build.0 = Debug|Any CPU
		{A72DF3AF-BFA5-4573-B02B-85E186AA428A}.Release|Any CPU.ActiveCfg = Release|Any CPU
		{A72DF3AF-BFA5-4573-B02B-85E186AA428A}.Release|Any CPU.Build.0 = Release|Any CPU
		{A72DF3AF-BFA5-4573-B02B-85E186AA428A}.Release|x64.ActiveCfg = Release|Any CPU
		{A72DF3AF-BFA5-4573-B02B-85E186AA428A}.Release|x64.Build.0 = Release|Any CPU
		{A72DF3AF-BFA5-4573-B02B-85E186AA428A}.Release|x86.ActiveCfg = Release|Any CPU
		{A72DF3AF-BFA5-4573-B02B-85E186AA428A}.Release|x86.Build.0 = Release|Any CPU
		{0A55FC49-7713-45CA-A1BD-A1ECBFF91DA7}.Debug|Any CPU.ActiveCfg = Debug|Any CPU
		{0A55FC49-7713-45CA-A1BD-A1ECBFF91DA7}.Debug|Any CPU.Build.0 = Debug|Any CPU
		{0A55FC49-7713-45CA-A1BD-A1ECBFF91DA7}.Debug|x64.ActiveCfg = Debug|Any CPU
		{0A55FC49-7713-45CA-A1BD-A1ECBFF91DA7}.Debug|x64.Build.0 = Debug|Any CPU
		{0A55FC49-7713-45CA-A1BD-A1ECBFF91DA7}.Debug|x86.ActiveCfg = Debug|Any CPU
		{0A55FC49-7713-45CA-A1BD-A1ECBFF91DA7}.Debug|x86.Build.0 = Debug|Any CPU
		{0A55FC49-7713-45CA-A1BD-A1ECBFF91DA7}.Release|Any CPU.ActiveCfg = Release|Any CPU
		{0A55FC49-7713-45CA-A1BD-A1ECBFF91DA7}.Release|Any CPU.Build.0 = Release|Any CPU
		{0A55FC49-7713-45CA-A1BD-A1ECBFF91DA7}.Release|x64.ActiveCfg = Release|Any CPU
		{0A55FC49-7713-45CA-A1BD-A1ECBFF91DA7}.Release|x64.Build.0 = Release|Any CPU
		{0A55FC49-7713-45CA-A1BD-A1ECBFF91DA7}.Release|x86.ActiveCfg = Release|Any CPU
		{0A55FC49-7713-45CA-A1BD-A1ECBFF91DA7}.Release|x86.Build.0 = Release|Any CPU
		{E1894A5A-B7D8-4F6B-8816-DBF7C5E1AE10}.Debug|Any CPU.ActiveCfg = Debug|Any CPU
		{E1894A5A-B7D8-4F6B-8816-DBF7C5E1AE10}.Debug|Any CPU.Build.0 = Debug|Any CPU
		{E1894A5A-B7D8-4F6B-8816-DBF7C5E1AE10}.Debug|x64.ActiveCfg = Debug|Any CPU
		{E1894A5A-B7D8-4F6B-8816-DBF7C5E1AE10}.Debug|x64.Build.0 = Debug|Any CPU
		{E1894A5A-B7D8-4F6B-8816-DBF7C5E1AE10}.Debug|x86.ActiveCfg = Debug|Any CPU
		{E1894A5A-B7D8-4F6B-8816-DBF7C5E1AE10}.Debug|x86.Build.0 = Debug|Any CPU
		{E1894A5A-B7D8-4F6B-8816-DBF7C5E1AE10}.Release|Any CPU.ActiveCfg = Release|Any CPU
		{E1894A5A-B7D8-4F6B-8816-DBF7C5E1AE10}.Release|Any CPU.Build.0 = Release|Any CPU
		{E1894A5A-B7D8-4F6B-8816-DBF7C5E1AE10}.Release|x64.ActiveCfg = Release|Any CPU
		{E1894A5A-B7D8-4F6B-8816-DBF7C5E1AE10}.Release|x64.Build.0 = Release|Any CPU
		{E1894A5A-B7D8-4F6B-8816-DBF7C5E1AE10}.Release|x86.ActiveCfg = Release|Any CPU
		{E1894A5A-B7D8-4F6B-8816-DBF7C5E1AE10}.Release|x86.Build.0 = Release|Any CPU
		{EF54AA9B-A725-44B5-96B5-AE526EF431CF}.Debug|Any CPU.ActiveCfg = Debug|Any CPU
		{EF54AA9B-A725-44B5-96B5-AE526EF431CF}.Debug|Any CPU.Build.0 = Debug|Any CPU
		{EF54AA9B-A725-44B5-96B5-AE526EF431CF}.Debug|x64.ActiveCfg = Debug|Any CPU
		{EF54AA9B-A725-44B5-96B5-AE526EF431CF}.Debug|x64.Build.0 = Debug|Any CPU
		{EF54AA9B-A725-44B5-96B5-AE526EF431CF}.Debug|x86.ActiveCfg = Debug|Any CPU
		{EF54AA9B-A725-44B5-96B5-AE526EF431CF}.Debug|x86.Build.0 = Debug|Any CPU
		{EF54AA9B-A725-44B5-96B5-AE526EF431CF}.Release|Any CPU.ActiveCfg = Release|Any CPU
		{EF54AA9B-A725-44B5-96B5-AE526EF431CF}.Release|Any CPU.Build.0 = Release|Any CPU
		{EF54AA9B-A725-44B5-96B5-AE526EF431CF}.Release|x64.ActiveCfg = Release|Any CPU
		{EF54AA9B-A725-44B5-96B5-AE526EF431CF}.Release|x64.Build.0 = Release|Any CPU
		{EF54AA9B-A725-44B5-96B5-AE526EF431CF}.Release|x86.ActiveCfg = Release|Any CPU
		{EF54AA9B-A725-44B5-96B5-AE526EF431CF}.Release|x86.Build.0 = Release|Any CPU
		{4879CD37-BB09-4238-8CB9-34074D589969}.Debug|Any CPU.ActiveCfg = Debug|Any CPU
		{4879CD37-BB09-4238-8CB9-34074D589969}.Debug|Any CPU.Build.0 = Debug|Any CPU
		{4879CD37-BB09-4238-8CB9-34074D589969}.Debug|x64.ActiveCfg = Debug|Any CPU
		{4879CD37-BB09-4238-8CB9-34074D589969}.Debug|x64.Build.0 = Debug|Any CPU
		{4879CD37-BB09-4238-8CB9-34074D589969}.Debug|x86.ActiveCfg = Debug|Any CPU
		{4879CD37-BB09-4238-8CB9-34074D589969}.Debug|x86.Build.0 = Debug|Any CPU
		{4879CD37-BB09-4238-8CB9-34074D589969}.Release|Any CPU.ActiveCfg = Release|Any CPU
		{4879CD37-BB09-4238-8CB9-34074D589969}.Release|Any CPU.Build.0 = Release|Any CPU
		{4879CD37-BB09-4238-8CB9-34074D589969}.Release|x64.ActiveCfg = Release|Any CPU
		{4879CD37-BB09-4238-8CB9-34074D589969}.Release|x64.Build.0 = Release|Any CPU
		{4879CD37-BB09-4238-8CB9-34074D589969}.Release|x86.ActiveCfg = Release|Any CPU
		{4879CD37-BB09-4238-8CB9-34074D589969}.Release|x86.Build.0 = Release|Any CPU
		{E28E6DE4-382F-4609-AB44-4159BE7A9E44}.Debug|Any CPU.ActiveCfg = Debug|Any CPU
		{E28E6DE4-382F-4609-AB44-4159BE7A9E44}.Debug|Any CPU.Build.0 = Debug|Any CPU
		{E28E6DE4-382F-4609-AB44-4159BE7A9E44}.Debug|x64.ActiveCfg = Debug|Any CPU
		{E28E6DE4-382F-4609-AB44-4159BE7A9E44}.Debug|x64.Build.0 = Debug|Any CPU
		{E28E6DE4-382F-4609-AB44-4159BE7A9E44}.Debug|x86.ActiveCfg = Debug|Any CPU
		{E28E6DE4-382F-4609-AB44-4159BE7A9E44}.Debug|x86.Build.0 = Debug|Any CPU
		{E28E6DE4-382F-4609-AB44-4159BE7A9E44}.Release|Any CPU.ActiveCfg = Release|Any CPU
		{E28E6DE4-382F-4609-AB44-4159BE7A9E44}.Release|Any CPU.Build.0 = Release|Any CPU
		{E28E6DE4-382F-4609-AB44-4159BE7A9E44}.Release|x64.ActiveCfg = Release|Any CPU
		{E28E6DE4-382F-4609-AB44-4159BE7A9E44}.Release|x64.Build.0 = Release|Any CPU
		{E28E6DE4-382F-4609-AB44-4159BE7A9E44}.Release|x86.ActiveCfg = Release|Any CPU
		{E28E6DE4-382F-4609-AB44-4159BE7A9E44}.Release|x86.Build.0 = Release|Any CPU
		{865533DD-6FF4-417E-B849-8DCF79B7DB50}.Debug|Any CPU.ActiveCfg = Debug|Any CPU
		{865533DD-6FF4-417E-B849-8DCF79B7DB50}.Debug|Any CPU.Build.0 = Debug|Any CPU
		{865533DD-6FF4-417E-B849-8DCF79B7DB50}.Debug|x64.ActiveCfg = Debug|Any CPU
		{865533DD-6FF4-417E-B849-8DCF79B7DB50}.Debug|x64.Build.0 = Debug|Any CPU
		{865533DD-6FF4-417E-B849-8DCF79B7DB50}.Debug|x86.ActiveCfg = Debug|Any CPU
		{865533DD-6FF4-417E-B849-8DCF79B7DB50}.Debug|x86.Build.0 = Debug|Any CPU
		{865533DD-6FF4-417E-B849-8DCF79B7DB50}.Release|Any CPU.ActiveCfg = Release|Any CPU
		{865533DD-6FF4-417E-B849-8DCF79B7DB50}.Release|Any CPU.Build.0 = Release|Any CPU
		{865533DD-6FF4-417E-B849-8DCF79B7DB50}.Release|x64.ActiveCfg = Release|Any CPU
		{865533DD-6FF4-417E-B849-8DCF79B7DB50}.Release|x64.Build.0 = Release|Any CPU
		{865533DD-6FF4-417E-B849-8DCF79B7DB50}.Release|x86.ActiveCfg = Release|Any CPU
		{865533DD-6FF4-417E-B849-8DCF79B7DB50}.Release|x86.Build.0 = Release|Any CPU
		{04F1C172-8816-4FEC-B54B-D82535996C01}.Debug|Any CPU.ActiveCfg = Debug|Any CPU
		{04F1C172-8816-4FEC-B54B-D82535996C01}.Debug|Any CPU.Build.0 = Debug|Any CPU
		{04F1C172-8816-4FEC-B54B-D82535996C01}.Debug|x64.ActiveCfg = Debug|Any CPU
		{04F1C172-8816-4FEC-B54B-D82535996C01}.Debug|x64.Build.0 = Debug|Any CPU
		{04F1C172-8816-4FEC-B54B-D82535996C01}.Debug|x86.ActiveCfg = Debug|Any CPU
		{04F1C172-8816-4FEC-B54B-D82535996C01}.Debug|x86.Build.0 = Debug|Any CPU
		{04F1C172-8816-4FEC-B54B-D82535996C01}.Release|Any CPU.ActiveCfg = Release|Any CPU
		{04F1C172-8816-4FEC-B54B-D82535996C01}.Release|Any CPU.Build.0 = Release|Any CPU
		{04F1C172-8816-4FEC-B54B-D82535996C01}.Release|x64.ActiveCfg = Release|Any CPU
		{04F1C172-8816-4FEC-B54B-D82535996C01}.Release|x64.Build.0 = Release|Any CPU
		{04F1C172-8816-4FEC-B54B-D82535996C01}.Release|x86.ActiveCfg = Release|Any CPU
		{04F1C172-8816-4FEC-B54B-D82535996C01}.Release|x86.Build.0 = Release|Any CPU
		{C9B08D56-83B9-4CFC-A023-9FDFA1BFA35A}.Debug|Any CPU.ActiveCfg = Debug|Any CPU
		{C9B08D56-83B9-4CFC-A023-9FDFA1BFA35A}.Debug|Any CPU.Build.0 = Debug|Any CPU
		{C9B08D56-83B9-4CFC-A023-9FDFA1BFA35A}.Debug|x64.ActiveCfg = Debug|Any CPU
		{C9B08D56-83B9-4CFC-A023-9FDFA1BFA35A}.Debug|x64.Build.0 = Debug|Any CPU
		{C9B08D56-83B9-4CFC-A023-9FDFA1BFA35A}.Debug|x86.ActiveCfg = Debug|Any CPU
		{C9B08D56-83B9-4CFC-A023-9FDFA1BFA35A}.Debug|x86.Build.0 = Debug|Any CPU
		{C9B08D56-83B9-4CFC-A023-9FDFA1BFA35A}.Release|Any CPU.ActiveCfg = Release|Any CPU
		{C9B08D56-83B9-4CFC-A023-9FDFA1BFA35A}.Release|Any CPU.Build.0 = Release|Any CPU
		{C9B08D56-83B9-4CFC-A023-9FDFA1BFA35A}.Release|x64.ActiveCfg = Release|Any CPU
		{C9B08D56-83B9-4CFC-A023-9FDFA1BFA35A}.Release|x64.Build.0 = Release|Any CPU
		{C9B08D56-83B9-4CFC-A023-9FDFA1BFA35A}.Release|x86.ActiveCfg = Release|Any CPU
		{C9B08D56-83B9-4CFC-A023-9FDFA1BFA35A}.Release|x86.Build.0 = Release|Any CPU
		{96C1F385-E395-4B88-BC6C-0CD2E844EBFF}.Debug|Any CPU.ActiveCfg = Debug|Any CPU
		{96C1F385-E395-4B88-BC6C-0CD2E844EBFF}.Debug|Any CPU.Build.0 = Debug|Any CPU
		{96C1F385-E395-4B88-BC6C-0CD2E844EBFF}.Debug|x64.ActiveCfg = Debug|Any CPU
		{96C1F385-E395-4B88-BC6C-0CD2E844EBFF}.Debug|x64.Build.0 = Debug|Any CPU
		{96C1F385-E395-4B88-BC6C-0CD2E844EBFF}.Debug|x86.ActiveCfg = Debug|Any CPU
		{96C1F385-E395-4B88-BC6C-0CD2E844EBFF}.Debug|x86.Build.0 = Debug|Any CPU
		{96C1F385-E395-4B88-BC6C-0CD2E844EBFF}.Release|Any CPU.ActiveCfg = Release|Any CPU
		{96C1F385-E395-4B88-BC6C-0CD2E844EBFF}.Release|Any CPU.Build.0 = Release|Any CPU
		{96C1F385-E395-4B88-BC6C-0CD2E844EBFF}.Release|x64.ActiveCfg = Release|Any CPU
		{96C1F385-E395-4B88-BC6C-0CD2E844EBFF}.Release|x64.Build.0 = Release|Any CPU
		{96C1F385-E395-4B88-BC6C-0CD2E844EBFF}.Release|x86.ActiveCfg = Release|Any CPU
		{96C1F385-E395-4B88-BC6C-0CD2E844EBFF}.Release|x86.Build.0 = Release|Any CPU
	EndGlobalSection
EndGlobal
